// !$*UTF8*$!
{
	archiveVersion = 1;
	classes = {
	};
	objectVersion = 46;
	objects = {

/* Begin PBXBuildFile section */
		7A01474619A944F900F62FDA /* PlayerShip.swift in Sources */ = {isa = PBXBuildFile; fileRef = 7A01474519A944F900F62FDA /* PlayerShip.swift */; };
		7A01474819A9476D00F62FDA /* Type0.swift in Sources */ = {isa = PBXBuildFile; fileRef = 7A01474719A9476D00F62FDA /* Type0.swift */; };
		7A01474C19A986CF00F62FDA /* Laser.swift in Sources */ = {isa = PBXBuildFile; fileRef = 7A01474B19A986CF00F62FDA /* Laser.swift */; };
		7A01474E19A9877B00F62FDA /* Weapon.swift in Sources */ = {isa = PBXBuildFile; fileRef = 7A01474D19A9877B00F62FDA /* Weapon.swift */; };
		7A01475019AAEE1500F62FDA /* Dichotomy.swift in Sources */ = {isa = PBXBuildFile; fileRef = 7A01474F19AAEE1500F62FDA /* Dichotomy.swift */; };
		7A85B06A19AE8F8B0012B92A /* EnemyShip.swift in Sources */ = {isa = PBXBuildFile; fileRef = 7A85B06919AE8F8B0012B92A /* EnemyShip.swift */; };
		7AA8ECFD19A931A000AFE9C6 /* AppDelegate.swift in Sources */ = {isa = PBXBuildFile; fileRef = 7AA8ECFC19A931A000AFE9C6 /* AppDelegate.swift */; };
		7AA8ED0119A931A000AFE9C6 /* GameScene.swift in Sources */ = {isa = PBXBuildFile; fileRef = 7AA8ED0019A931A000AFE9C6 /* GameScene.swift */; };
		7AA8ED0319A931A000AFE9C6 /* GameViewController.swift in Sources */ = {isa = PBXBuildFile; fileRef = 7AA8ED0219A931A000AFE9C6 /* GameViewController.swift */; };
		7AA8ED0619A931A100AFE9C6 /* Main.storyboard in Resources */ = {isa = PBXBuildFile; fileRef = 7AA8ED0419A931A100AFE9C6 /* Main.storyboard */; };
		7AA8ED0819A931A100AFE9C6 /* Images.xcassets in Resources */ = {isa = PBXBuildFile; fileRef = 7AA8ED0719A931A100AFE9C6 /* Images.xcassets */; };
		7AA8ED1419A931A100AFE9C6 /* DichotomyTests.swift in Sources */ = {isa = PBXBuildFile; fileRef = 7AA8ED1319A931A100AFE9C6 /* DichotomyTests.swift */; };
/* End PBXBuildFile section */

/* Begin PBXContainerItemProxy section */
		7AA8ED0E19A931A100AFE9C6 /* PBXContainerItemProxy */ = {
			isa = PBXContainerItemProxy;
			containerPortal = 7AA8ECEF19A931A000AFE9C6 /* Project object */;
			proxyType = 1;
			remoteGlobalIDString = 7AA8ECF619A931A000AFE9C6;
			remoteInfo = Dichotomy;
		};
/* End PBXContainerItemProxy section */

/* Begin PBXFileReference section */
		7A01474519A944F900F62FDA /* PlayerShip.swift */ = {isa = PBXFileReference; fileEncoding = 4; lastKnownFileType = sourcecode.swift; path = PlayerShip.swift; sourceTree = "<group>"; };
		7A01474719A9476D00F62FDA /* Type0.swift */ = {isa = PBXFileReference; fileEncoding = 4; lastKnownFileType = sourcecode.swift; path = Type0.swift; sourceTree = "<group>"; };
		7A01474B19A986CF00F62FDA /* Laser.swift */ = {isa = PBXFileReference; fileEncoding = 4; lastKnownFileType = sourcecode.swift; path = Laser.swift; sourceTree = "<group>"; };
		7A01474D19A9877B00F62FDA /* Weapon.swift */ = {isa = PBXFileReference; fileEncoding = 4; lastKnownFileType = sourcecode.swift; path = Weapon.swift; sourceTree = "<group>"; };
		7A01474F19AAEE1500F62FDA /* Dichotomy.swift */ = {isa = PBXFileReference; fileEncoding = 4; lastKnownFileType = sourcecode.swift; path = Dichotomy.swift; sourceTree = "<group>"; };
		7A85B06919AE8F8B0012B92A /* EnemyShip.swift */ = {isa = PBXFileReference; fileEncoding = 4; lastKnownFileType = sourcecode.swift; path = EnemyShip.swift; sourceTree = "<group>"; };
		7AA8ECF719A931A000AFE9C6 /* Dichotomy.app */ = {isa = PBXFileReference; explicitFileType = wrapper.application; includeInIndex = 0; path = Dichotomy.app; sourceTree = BUILT_PRODUCTS_DIR; };
		7AA8ECFB19A931A000AFE9C6 /* Info.plist */ = {isa = PBXFileReference; lastKnownFileType = text.plist.xml; path = Info.plist; sourceTree = "<group>"; };
		7AA8ECFC19A931A000AFE9C6 /* AppDelegate.swift */ = {isa = PBXFileReference; lastKnownFileType = sourcecode.swift; path = AppDelegate.swift; sourceTree = "<group>"; };
		7AA8ED0019A931A000AFE9C6 /* GameScene.swift */ = {isa = PBXFileReference; lastKnownFileType = sourcecode.swift; path = GameScene.swift; sourceTree = "<group>"; };
		7AA8ED0219A931A000AFE9C6 /* GameViewController.swift */ = {isa = PBXFileReference; lastKnownFileType = sourcecode.swift; path = GameViewController.swift; sourceTree = "<group>"; };
		7AA8ED0519A931A100AFE9C6 /* Base */ = {isa = PBXFileReference; lastKnownFileType = file.storyboard; name = Base; path = Base.lproj/Main.storyboard; sourceTree = "<group>"; };
		7AA8ED0719A931A100AFE9C6 /* Images.xcassets */ = {isa = PBXFileReference; lastKnownFileType = folder.assetcatalog; path = Images.xcassets; sourceTree = "<group>"; };
		7AA8ED0D19A931A100AFE9C6 /* DichotomyTests.xctest */ = {isa = PBXFileReference; explicitFileType = wrapper.cfbundle; includeInIndex = 0; path = DichotomyTests.xctest; sourceTree = BUILT_PRODUCTS_DIR; };
		7AA8ED1219A931A100AFE9C6 /* Info.plist */ = {isa = PBXFileReference; lastKnownFileType = text.plist.xml; path = Info.plist; sourceTree = "<group>"; };
		7AA8ED1319A931A100AFE9C6 /* DichotomyTests.swift */ = {isa = PBXFileReference; lastKnownFileType = sourcecode.swift; path = DichotomyTests.swift; sourceTree = "<group>"; };
/* End PBXFileReference section */

/* Begin PBXFrameworksBuildPhase section */
		7AA8ECF419A931A000AFE9C6 /* Frameworks */ = {
			isa = PBXFrameworksBuildPhase;
			buildActionMask = 2147483647;
			files = (
			);
			runOnlyForDeploymentPostprocessing = 0;
		};
		7AA8ED0A19A931A100AFE9C6 /* Frameworks */ = {
			isa = PBXFrameworksBuildPhase;
			buildActionMask = 2147483647;
			files = (
			);
			runOnlyForDeploymentPostprocessing = 0;
		};
/* End PBXFrameworksBuildPhase section */

/* Begin PBXGroup section */
		7A01474919A947BB00F62FDA /* PlayerShips */ = {
			isa = PBXGroup;
			children = (
				7A01474519A944F900F62FDA /* PlayerShip.swift */,
				7A01474719A9476D00F62FDA /* Type0.swift */,
			);
			name = PlayerShips;
			sourceTree = "<group>";
		};
		7A01474A19A986BC00F62FDA /* Weapons */ = {
			isa = PBXGroup;
			children = (
				7A01474B19A986CF00F62FDA /* Laser.swift */,
				7A01474D19A9877B00F62FDA /* Weapon.swift */,
			);
			name = Weapons;
			sourceTree = "<group>";
		};
		7A85B06819AE8F6C0012B92A /* EnemyShips */ = {
			isa = PBXGroup;
			children = (
				7A85B06919AE8F8B0012B92A /* EnemyShip.swift */,
			);
			name = EnemyShips;
			sourceTree = "<group>";
		};
		7AA8ECEE19A931A000AFE9C6 = {
			isa = PBXGroup;
			children = (
				7AA8ECF919A931A000AFE9C6 /* Dichotomy */,
				7AA8ED1019A931A100AFE9C6 /* DichotomyTests */,
				7AA8ECF819A931A000AFE9C6 /* Products */,
			);
			sourceTree = "<group>";
		};
		7AA8ECF819A931A000AFE9C6 /* Products */ = {
			isa = PBXGroup;
			children = (
				7AA8ECF719A931A000AFE9C6 /* Dichotomy.app */,
				7AA8ED0D19A931A100AFE9C6 /* DichotomyTests.xctest */,
			);
			name = Products;
			sourceTree = "<group>";
		};
		7AA8ECF919A931A000AFE9C6 /* Dichotomy */ = {
			isa = PBXGroup;
			children = (
				7AA8ECFC19A931A000AFE9C6 /* AppDelegate.swift */,
				7AA8ED0019A931A000AFE9C6 /* GameScene.swift */,
				7AA8ED0219A931A000AFE9C6 /* GameViewController.swift */,
				7A01474F19AAEE1500F62FDA /* Dichotomy.swift */,
				7AA8ED0419A931A100AFE9C6 /* Main.storyboard */,
				7AA8ED0719A931A100AFE9C6 /* Images.xcassets */,
				7A01474A19A986BC00F62FDA /* Weapons */,
				7A85B06819AE8F6C0012B92A /* EnemyShips */,
				7A01474919A947BB00F62FDA /* PlayerShips */,
				7AA8ECFA19A931A000AFE9C6 /* Supporting Files */,
			);
			path = Dichotomy;
			sourceTree = "<group>";
		};
		7AA8ECFA19A931A000AFE9C6 /* Supporting Files */ = {
			isa = PBXGroup;
			children = (
				7AA8ECFB19A931A000AFE9C6 /* Info.plist */,
			);
			name = "Supporting Files";
			sourceTree = "<group>";
		};
		7AA8ED1019A931A100AFE9C6 /* DichotomyTests */ = {
			isa = PBXGroup;
			children = (
				7AA8ED1319A931A100AFE9C6 /* DichotomyTests.swift */,
				7AA8ED1119A931A100AFE9C6 /* Supporting Files */,
			);
			path = DichotomyTests;
			sourceTree = "<group>";
		};
		7AA8ED1119A931A100AFE9C6 /* Supporting Files */ = {
			isa = PBXGroup;
			children = (
				7AA8ED1219A931A100AFE9C6 /* Info.plist */,
			);
			name = "Supporting Files";
			sourceTree = "<group>";
		};
/* End PBXGroup section */

/* Begin PBXNativeTarget section */
		7AA8ECF619A931A000AFE9C6 /* Dichotomy */ = {
			isa = PBXNativeTarget;
			buildConfigurationList = 7AA8ED1719A931A100AFE9C6 /* Build configuration list for PBXNativeTarget "Dichotomy" */;
			buildPhases = (
				7AA8ECF319A931A000AFE9C6 /* Sources */,
				7AA8ECF419A931A000AFE9C6 /* Frameworks */,
				7AA8ECF519A931A000AFE9C6 /* Resources */,
			);
			buildRules = (
			);
			dependencies = (
			);
			name = Dichotomy;
			productName = Dichotomy;
			productReference = 7AA8ECF719A931A000AFE9C6 /* Dichotomy.app */;
			productType = "com.apple.product-type.application";
		};
		7AA8ED0C19A931A100AFE9C6 /* DichotomyTests */ = {
			isa = PBXNativeTarget;
			buildConfigurationList = 7AA8ED1A19A931A100AFE9C6 /* Build configuration list for PBXNativeTarget "DichotomyTests" */;
			buildPhases = (
				7AA8ED0919A931A100AFE9C6 /* Sources */,
				7AA8ED0A19A931A100AFE9C6 /* Frameworks */,
				7AA8ED0B19A931A100AFE9C6 /* Resources */,
			);
			buildRules = (
			);
			dependencies = (
				7AA8ED0F19A931A100AFE9C6 /* PBXTargetDependency */,
			);
			name = DichotomyTests;
			productName = DichotomyTests;
			productReference = 7AA8ED0D19A931A100AFE9C6 /* DichotomyTests.xctest */;
			productType = "com.apple.product-type.bundle.unit-test";
		};
/* End PBXNativeTarget section */

/* Begin PBXProject section */
		7AA8ECEF19A931A000AFE9C6 /* Project object */ = {
			isa = PBXProject;
			attributes = {
				LastUpgradeCheck = 0600;
				ORGANIZATIONNAME = "Jackson Hong";
				TargetAttributes = {
					7AA8ECF619A931A000AFE9C6 = {
						CreatedOnToolsVersion = 6.0;
					};
					7AA8ED0C19A931A100AFE9C6 = {
						CreatedOnToolsVersion = 6.0;
						TestTargetID = 7AA8ECF619A931A000AFE9C6;
					};
				};
			};
			buildConfigurationList = 7AA8ECF219A931A000AFE9C6 /* Build configuration list for PBXProject "Dichotomy" */;
			compatibilityVersion = "Xcode 3.2";
			developmentRegion = English;
			hasScannedForEncodings = 0;
			knownRegions = (
				en,
				Base,
			);
			mainGroup = 7AA8ECEE19A931A000AFE9C6;
			productRefGroup = 7AA8ECF819A931A000AFE9C6 /* Products */;
			projectDirPath = "";
			projectRoot = "";
			targets = (
				7AA8ECF619A931A000AFE9C6 /* Dichotomy */,
				7AA8ED0C19A931A100AFE9C6 /* DichotomyTests */,
			);
		};
/* End PBXProject section */

/* Begin PBXResourcesBuildPhase section */
		7AA8ECF519A931A000AFE9C6 /* Resources */ = {
			isa = PBXResourcesBuildPhase;
			buildActionMask = 2147483647;
			files = (
				7AA8ED0819A931A100AFE9C6 /* Images.xcassets in Resources */,
				7AA8ED0619A931A100AFE9C6 /* Main.storyboard in Resources */,
			);
			runOnlyForDeploymentPostprocessing = 0;
		};
		7AA8ED0B19A931A100AFE9C6 /* Resources */ = {
			isa = PBXResourcesBuildPhase;
			buildActionMask = 2147483647;
			files = (
			);
			runOnlyForDeploymentPostprocessing = 0;
		};
/* End PBXResourcesBuildPhase section */

/* Begin PBXSourcesBuildPhase section */
		7AA8ECF319A931A000AFE9C6 /* Sources */ = {
			isa = PBXSourcesBuildPhase;
			buildActionMask = 2147483647;
			files = (
				7A01474619A944F900F62FDA /* PlayerShip.swift in Sources */,
				7A01474C19A986CF00F62FDA /* Laser.swift in Sources */,
				7AA8ED0119A931A000AFE9C6 /* GameScene.swift in Sources */,
				7A01474E19A9877B00F62FDA /* Weapon.swift in Sources */,
				7AA8ED0319A931A000AFE9C6 /* GameViewController.swift in Sources */,
				7A01475019AAEE1500F62FDA /* Dichotomy.swift in Sources */,
				7A01474819A9476D00F62FDA /* Type0.swift in Sources */,
				7AA8ECFD19A931A000AFE9C6 /* AppDelegate.swift in Sources */,
				7A85B06A19AE8F8B0012B92A /* EnemyShip.swift in Sources */,
			);
			runOnlyForDeploymentPostprocessing = 0;
		};
		7AA8ED0919A931A100AFE9C6 /* Sources */ = {
			isa = PBXSourcesBuildPhase;
			buildActionMask = 2147483647;
			files = (
				7AA8ED1419A931A100AFE9C6 /* DichotomyTests.swift in Sources */,
			);
			runOnlyForDeploymentPostprocessing = 0;
		};
/* End PBXSourcesBuildPhase section */

/* Begin PBXTargetDependency section */
		7AA8ED0F19A931A100AFE9C6 /* PBXTargetDependency */ = {
			isa = PBXTargetDependency;
			target = 7AA8ECF619A931A000AFE9C6 /* Dichotomy */;
			targetProxy = 7AA8ED0E19A931A100AFE9C6 /* PBXContainerItemProxy */;
		};
/* End PBXTargetDependency section */

/* Begin PBXVariantGroup section */
		7AA8ED0419A931A100AFE9C6 /* Main.storyboard */ = {
			isa = PBXVariantGroup;
			children = (
				7AA8ED0519A931A100AFE9C6 /* Base */,
			);
			name = Main.storyboard;
			sourceTree = "<group>";
		};
/* End PBXVariantGroup section */

/* Begin XCBuildConfiguration section */
		7AA8ED1519A931A100AFE9C6 /* Debug */ = {
			isa = XCBuildConfiguration;
			buildSettings = {
				ALWAYS_SEARCH_USER_PATHS = NO;
				CLANG_CXX_LANGUAGE_STANDARD = "gnu++0x";
				CLANG_CXX_LIBRARY = "libc++";
				CLANG_ENABLE_MODULES = YES;
				CLANG_ENABLE_OBJC_ARC = YES;
				CLANG_WARN_BOOL_CONVERSION = YES;
				CLANG_WARN_CONSTANT_CONVERSION = YES;
				CLANG_WARN_DIRECT_OBJC_ISA_USAGE = YES_ERROR;
				CLANG_WARN_EMPTY_BODY = YES;
				CLANG_WARN_ENUM_CONVERSION = YES;
				CLANG_WARN_INT_CONVERSION = YES;
				CLANG_WARN_OBJC_ROOT_CLASS = YES_ERROR;
				CLANG_WARN_UNREACHABLE_CODE = YES;
				CLANG_WARN__DUPLICATE_METHOD_MATCH = YES;
				"CODE_SIGN_IDENTITY[sdk=iphoneos*]" = "iPhone Developer";
				COPY_PHASE_STRIP = NO;
				ENABLE_STRICT_OBJC_MSGSEND = YES;
				GCC_C_LANGUAGE_STANDARD = gnu99;
				GCC_DYNAMIC_NO_PIC = NO;
				GCC_OPTIMIZATION_LEVEL = 0;
				GCC_PREPROCESSOR_DEFINITIONS = (
					"DEBUG=1",
					"$(inherited)",
				);
				GCC_SYMBOLS_PRIVATE_EXTERN = NO;
				GCC_WARN_64_TO_32_BIT_CONVERSION = YES;
				GCC_WARN_ABOUT_RETURN_TYPE = YES_ERROR;
				GCC_WARN_UNDECLARED_SELECTOR = YES;
				GCC_WARN_UNINITIALIZED_AUTOS = YES_AGGRESSIVE;
				GCC_WARN_UNUSED_FUNCTION = YES;
				GCC_WARN_UNUSED_VARIABLE = YES;
				IPHONEOS_DEPLOYMENT_TARGET = 8.0;
				MTL_ENABLE_DEBUG_INFO = YES;
				ONLY_ACTIVE_ARCH = YES;
				SDKROOT = iphoneos;
				SWIFT_OPTIMIZATION_LEVEL = "-Onone";
			};
			name = Debug;
		};
		7AA8ED1619A931A100AFE9C6 /* Release */ = {
			isa = XCBuildConfiguration;
			buildSettings = {
				ALWAYS_SEARCH_USER_PATHS = NO;
				CLANG_CXX_LANGUAGE_STANDARD = "gnu++0x";
				CLANG_CXX_LIBRARY = "libc++";
				CLANG_ENABLE_MODULES = YES;
				CLANG_ENABLE_OBJC_ARC = YES;
				CLANG_WARN_BOOL_CONVERSION = YES;
				CLANG_WARN_CONSTANT_CONVERSION = YES;
				CLANG_WARN_DIRECT_OBJC_ISA_USAGE = YES_ERROR;
				CLANG_WARN_EMPTY_BODY = YES;
				CLANG_WARN_ENUM_CONVERSION = YES;
				CLANG_WARN_INT_CONVERSION = YES;
				CLANG_WARN_OBJC_ROOT_CLASS = YES_ERROR;
				CLANG_WARN_UNREACHABLE_CODE = YES;
				CLANG_WARN__DUPLICATE_METHOD_MATCH = YES;
				"CODE_SIGN_IDENTITY[sdk=iphoneos*]" = "iPhone Developer";
				COPY_PHASE_STRIP = YES;
				ENABLE_NS_ASSERTIONS = NO;
				ENABLE_STRICT_OBJC_MSGSEND = YES;
				GCC_C_LANGUAGE_STANDARD = gnu99;
				GCC_WARN_64_TO_32_BIT_CONVERSION = YES;
				GCC_WARN_ABOUT_RETURN_TYPE = YES_ERROR;
				GCC_WARN_UNDECLARED_SELECTOR = YES;
				GCC_WARN_UNINITIALIZED_AUTOS = YES_AGGRESSIVE;
				GCC_WARN_UNUSED_FUNCTION = YES;
				GCC_WARN_UNUSED_VARIABLE = YES;
				IPHONEOS_DEPLOYMENT_TARGET = 8.0;
				MTL_ENABLE_DEBUG_INFO = NO;
				SDKROOT = iphoneos;
				VALIDATE_PRODUCT = YES;
			};
			name = Release;
		};
		7AA8ED1819A931A100AFE9C6 /* Debug */ = {
			isa = XCBuildConfiguration;
			buildSettings = {
				ASSETCATALOG_COMPILER_APPICON_NAME = AppIcon;
				ASSETCATALOG_COMPILER_LAUNCHIMAGE_NAME = LaunchImage;
				INFOPLIST_FILE = Dichotomy/Info.plist;
				LD_RUNPATH_SEARCH_PATHS = "$(inherited) @executable_path/Frameworks";
				PRODUCT_NAME = "$(TARGET_NAME)";
			};
			name = Debug;
		};
		7AA8ED1919A931A100AFE9C6 /* Release */ = {
			isa = XCBuildConfiguration;
			buildSettings = {
				ASSETCATALOG_COMPILER_APPICON_NAME = AppIcon;
				ASSETCATALOG_COMPILER_LAUNCHIMAGE_NAME = LaunchImage;
				INFOPLIST_FILE = Dichotomy/Info.plist;
				LD_RUNPATH_SEARCH_PATHS = "$(inherited) @executable_path/Frameworks";
				PRODUCT_NAME = "$(TARGET_NAME)";
			};
			name = Release;
		};
		7AA8ED1B19A931A100AFE9C6 /* Debug */ = {
			isa = XCBuildConfiguration;
			buildSettings = {
				BUNDLE_LOADER = "$(TEST_HOST)";
				FRAMEWORK_SEARCH_PATHS = (
					"$(SDKROOT)/Developer/Library/Frameworks",
					"$(inherited)",
				);
				GCC_PREPROCESSOR_DEFINITIONS = (
					"DEBUG=1",
					"$(inherited)",
				);
				INFOPLIST_FILE = DichotomyTests/Info.plist;
				LD_RUNPATH_SEARCH_PATHS = "$(inherited) @executable_path/Frameworks @loader_path/Frameworks";
				PRODUCT_NAME = "$(TARGET_NAME)";
				TEST_HOST = "$(BUILT_PRODUCTS_DIR)/Dichotomy.app/Dichotomy";
			};
			name = Debug;
		};
		7AA8ED1C19A931A100AFE9C6 /* Release */ = {
			isa = XCBuildConfiguration;
			buildSettings = {
				BUNDLE_LOADER = "$(TEST_HOST)";
				FRAMEWORK_SEARCH_PATHS = (
					"$(SDKROOT)/Developer/Library/Frameworks",
					"$(inherited)",
				);
				INFOPLIST_FILE = DichotomyTests/Info.plist;
				LD_RUNPATH_SEARCH_PATHS = "$(inherited) @executable_path/Frameworks @loader_path/Frameworks";
				PRODUCT_NAME = "$(TARGET_NAME)";
				TEST_HOST = "$(BUILT_PRODUCTS_DIR)/Dichotomy.app/Dichotomy";
			};
			name = Release;
		};
/* End XCBuildConfiguration section */

/* Begin XCConfigurationList section */
		7AA8ECF219A931A000AFE9C6 /* Build configuration list for PBXProject "Dichotomy" */ = {
			isa = XCConfigurationList;
			buildConfigurations = (
				7AA8ED1519A931A100AFE9C6 /* Debug */,
				7AA8ED1619A931A100AFE9C6 /* Release */,
			);
			defaultConfigurationIsVisible = 0;
			defaultConfigurationName = Release;
		};
		7AA8ED1719A931A100AFE9C6 /* Build configuration list for PBXNativeTarget "Dichotomy" */ = {
			isa = XCConfigurationList;
			buildConfigurations = (
				7AA8ED1819A931A100AFE9C6 /* Debug */,
				7AA8ED1919A931A100AFE9C6 /* Release */,
			);
			defaultConfigurationIsVisible = 0;
			defaultConfigurationName = Release;
		};
		7AA8ED1A19A931A100AFE9C6 /* Build configuration list for PBXNativeTarget "DichotomyTests" */ = {
			isa = XCConfigurationList;
			buildConfigurations = (
				7AA8ED1B19A931A100AFE9C6 /* Debug */,
				7AA8ED1C19A931A100AFE9C6 /* Release */,
			);
			defaultConfigurationIsVisible = 0;
			defaultConfigurationName = Release;
		};
/* End XCConfigurationList section */
	};
	rootObject = 7AA8ECEF19A931A000AFE9C6 /* Project object */;
}
